
Microsoft Visual Studio Solution File, Format Version 12.00
# Visual Studio Version 16
VisualStudioVersion = 16.0.33328.57
MinimumVisualStudioVersion = 10.0.40219.1
Project("{FAE04EC0-301F-11D3-BF4B-00C04F79EFBC}") = "cmc-notifier", "cmc-notifier\cmc-notifier.csproj", "{8B78CF13-1D61-4821-A822-DC16918BBAA0}"
EndProject
Global
	GlobalSection(SolutionConfigurationPlatforms) = preSolution
		Debug|Any CPU = Debug|Any CPU
		Release|Any CPU = Release|Any CPU
	EndGlobalSection
	GlobalSection(ProjectConfigurationPlatforms) = postSolution
		{8B78CF13-1D61-4821-A822-DC16918BBAA0}.Debug|Any CPU.ActiveCfg = Debug|Any CPU
		{8B78CF13-1D61-4821-A822-DC16918BBAA0}.Debug|Any CPU.Build.0 = Debug|Any CPU
		{8B78CF13-1D61-4821-A822-DC16918BBAA0}.Release|Any CPU.ActiveCfg = Release|Any CPU
		{8B78CF13-1D61-4821-A822-DC16918BBAA0}.Release|Any CPU.Build.0 = Release|Any CPU
	EndGlobalSection
	GlobalSection(SolutionProperties) = preSolution
		HideSolutionNode = FALSE
	EndGlobalSection
	GlobalSection(ExtensibilityGlobals) = postSolution
		SolutionGuid = {2EEC5553-C2C4-4F32-B617-A0C80EC0FE3D}
	EndGlobalSection
EndGlobal
